{
  "name": "my-english-lessons",
  "lockfileVersion": 3,
  "requires": true,
  "packages": {
    "": {
      "dependencies": {
        "ts-fsrs": "^5.4.1"
      }
    },
    "node_modules/ts-fsrs": {
      "version": "5.4.1",
      "resolved": "https://registry.npmjs.org/ts-fsrs/-/ts-fsrs-5.4.1.tgz",
      "integrity": "sha512-mOp9+oexJexBTkwjg/jQI1aSUQRLIAvbimeKHLSmVdNJPwObugFNKmZkoggH5d6kZ0uaWLboP1Al1DnXAfIb9w==",
      "license": "MIT",
      "engines": {
        "node": ">=20.0.0"
      }
    }
  }
}
